
Microsoft Visual Studio Solution File, Format Version 12.00
# Visual Studio Version 17
VisualStudioVersion = 17.9.34902.65
MinimumVisualStudioVersion = 10.0.40219.1
Project("{FAE04EC0-301F-11D3-BF4B-00C04F79EFBC}") = "exc08_if", "exc08_if\exc08_if.csproj", "{AE17ADDD-FBD8-4FCA-B955-9D1CC6865A50}"
EndProject
Global
	GlobalSection(SolutionConfigurationPlatforms) = preSolution
		Debug|Any CPU = Debug|Any CPU
		Release|Any CPU = Release|Any CPU
	EndGlobalSection
	GlobalSection(ProjectConfigurationPlatforms) = postSolution
		{AE17ADDD-FBD8-4FCA-B955-9D1CC6865A50}.Debug|Any CPU.ActiveCfg = Debug|Any CPU
		{AE17ADDD-FBD8-4FCA-B955-9D1CC6865A50}.Debug|Any CPU.Build.0 = Debug|Any CPU
		{AE17ADDD-FBD8-4FCA-B955-9D1CC6865A50}.Release|Any CPU.ActiveCfg = Release|Any CPU
		{AE17ADDD-FBD8-4FCA-B955-9D1CC6865A50}.Release|Any CPU.Build.0 = Release|Any CPU
	EndGlobalSection
	GlobalSection(SolutionProperties) = preSolution
		HideSolutionNode = FALSE
	EndGlobalSection
	GlobalSection(ExtensibilityGlobals) = postSolution
		SolutionGuid = {5D324A31-8ED6-4360-BA8A-290C2B37FEDC}
	EndGlobalSection
EndGlobal
